
Microsoft Visual Studio Solution File, Format Version 12.00
# Visual Studio Version 17
VisualStudioVersion = 17.11.35303.130
MinimumVisualStudioVersion = 10.0.40219.1
Project("{FAE04EC0-301F-11D3-BF4B-00C04F79EFBC}") = "DEPI.API", "DEPI.API\DEPI.API.csproj", "{93633BA1-AB3F-4E13-9954-C1DDE6528E9F}"
EndProject
Project("{FAE04EC0-301F-11D3-BF4B-00C04F79EFBC}") = "DEPI.BLL", "DEPI.BLL\DEPI.BLL.csproj", "{6420909C-F5FE-40E2-8AA8-B49002F9A27A}"
EndProject
Project("{FAE04EC0-301F-11D3-BF4B-00C04F79EFBC}") = "DEPI.DAL", "DEPI.DAS\DEPI.DAL.csproj", "{495AB6F8-DC40-4A50-9138-BC1EC0D6D1B8}"
EndProject
Global
	GlobalSection(SolutionConfigurationPlatforms) = preSolution
		Debug|Any CPU = Debug|Any CPU
		Release|Any CPU = Release|Any CPU
	EndGlobalSection
	GlobalSection(ProjectConfigurationPlatforms) = postSolution
		{93633BA1-AB3F-4E13-9954-C1DDE6528E9F}.Debug|Any CPU.ActiveCfg = Debug|Any CPU
		{93633BA1-AB3F-4E13-9954-C1DDE6528E9F}.Debug|Any CPU.Build.0 = Debug|Any CPU
		{93633BA1-AB3F-4E13-9954-C1DDE6528E9F}.Release|Any CPU.ActiveCfg = Release|Any CPU
		{93633BA1-AB3F-4E13-9954-C1DDE6528E9F}.Release|Any CPU.Build.0 = Release|Any CPU
		{6420909C-F5FE-40E2-8AA8-B49002F9A27A}.Debug|Any CPU.ActiveCfg = Debug|Any CPU
		{6420909C-F5FE-40E2-8AA8-B49002F9A27A}.Debug|Any CPU.Build.0 = Debug|Any CPU
		{6420909C-F5FE-40E2-8AA8-B49002F9A27A}.Release|Any CPU.ActiveCfg = Release|Any CPU
		{6420909C-F5FE-40E2-8AA8-B49002F9A27A}.Release|Any CPU.Build.0 = Release|Any CPU
		{495AB6F8-DC40-4A50-9138-BC1EC0D6D1B8}.Debug|Any CPU.ActiveCfg = Debug|Any CPU
		{495AB6F8-DC40-4A50-9138-BC1EC0D6D1B8}.Debug|Any CPU.Build.0 = Debug|Any CPU
		{495AB6F8-DC40-4A50-9138-BC1EC0D6D1B8}.Release|Any CPU.ActiveCfg = Release|Any CPU
		{495AB6F8-DC40-4A50-9138-BC1EC0D6D1B8}.Release|Any CPU.Build.0 = Release|Any CPU
	EndGlobalSection
	GlobalSection(SolutionProperties) = preSolution
		HideSolutionNode = FALSE
	EndGlobalSection
	GlobalSection(ExtensibilityGlobals) = postSolution
		SolutionGuid = {195E928A-33A8-4D27-973F-DE4E8BE2ECE2}
	EndGlobalSection
EndGlobal
